{
  "name": "formy",
  "version": "0.0.1",
  "lockfileVersion": 2,
  "requires": true,
  "packages": {
    "": {
      "name": "formy",
      "version": "0.0.1",
      "dependencies": {
        "@fortawesome/fontawesome-free": "^6.5.1",
        "pinia": "^2.1.6",
        "primeflex": "^3.3.1",
        "primevue": "^3.47.2",
        "vue": "^3.3.4",
        "vue-router": "^4.2.4"
      },
      "devDependencies": {
        "@types/node": "^20.6.5",
        "@vitejs/plugin-vue": "^4.2.3",
        "prettier": "^3.0.3",
        "sass": "^1.68.0",
        "typescript": "^5.0.2",
        "vite": "^4.4.5",
        "vitepress": "^1.0.0-rc.20",
        "vue-tsc": "^1.8.5"
      }
    },
    "node_modules/@algolia/autocomplete-core": {
      "version": "1.9.3",
      "dev": true,
      "license": "MIT",
      "dependencies": {
        "@algolia/autocomplete-plugin-algolia-insights": "1.9.3",
        "@algolia/autocomplete-shared": "1.9.3"
      }
    },
    "node_modules/@algolia/autocomplete-plugin-algolia-insights": {
      "version": "1.9.3",
      "dev": true,
      "license": "MIT",
      "dependencies": {
        "@algolia/autocomplete-shared": "1.9.3"
      },
      "peerDependencies": {
        "search-insights": ">= 1 < 3"
      }
    },
    "node_modules/@algolia/autocomplete-preset-algolia": {
      "version": "1.9.3",
      "dev": true,
      "license": "MIT",
      "dependencies": {
        "@algolia/autocomplete-shared": "1.9.3"
      },
      "peerDependencies": {
        "@algolia/client-search": ">= 4.9.1 < 6",
        "algoliasearch": ">= 4.9.1 < 6"
      }
    },
    "node_modules/@algolia/autocomplete-shared": {
      "version": "1.9.3",
      "dev": true,
      "license": "MIT",
      "peerDependencies": {
        "@algolia/client-search": ">= 4.9.1 < 6",
        "algoliasearch": ">= 4.9.1 < 6"
      }
    },
    "node_modules/@algolia/cache-browser-local-storage": {
      "version": "4.20.0",
      "dev": true,
      "license": "MIT",
      "dependencies": {
        "@algolia/cache-common": "4.20.0"
      }
    },
    "node_modules/@algolia/cache-common": {
      "version": "4.20.0",
      "dev": true,
      "license": "MIT"
    },
    "node_modules/@algolia/cache-in-memory": {
      "version": "4.20.0",
      "dev": true,
      "license": "MIT",
      "dependencies": {
        "@algolia/cache-common": "4.20.0"
      }
    },
    "node_modules/@algolia/client-account": {
      "version": "4.20.0",
      "dev": true,
      "license": "MIT",
      "dependencies": {
        "@algolia/client-common": "4.20.0",
        "@algolia/client-search": "4.20.0",
        "@algolia/transporter": "4.20.0"
      }
    },
    "node_modules/@algolia/client-analytics": {
      "version": "4.20.0",
      "dev": true,
      "license": "MIT",
      "dependencies": {
        "@algolia/client-common": "4.20.0",
        "@algolia/client-search": "4.20.0",
        "@algolia/requester-common": "4.20.0",
        "@algolia/transporter": "4.20.0"
      }
    },
    "node_modules/@algolia/client-common": {
      "version": "4.20.0",
      "dev": true,
      "license": "MIT",
      "dependencies": {
        "@algolia/requester-common": "4.20.0",
        "@algolia/transporter": "4.20.0"
      }
    },
    "node_modules/@algolia/client-personalization": {
      "version": "4.20.0",
      "dev": true,
      "license": "MIT",
      "dependencies": {
        "@algolia/client-common": "4.20.0",
        "@algolia/requester-common": "4.20.0",
        "@algolia/transporter": "4.20.0"
      }
    },
    "node_modules/@algolia/client-search": {
      "version": "4.20.0",
      "dev": true,
      "license": "MIT",
      "dependencies": {
        "@algolia/client-common": "4.20.0",
        "@algolia/requester-common": "4.20.0",
        "@algolia/transporter": "4.20.0"
      }
    },
    "node_modules/@algolia/logger-common": {
      "version": "4.20.0",
      "dev": true,
      "license": "MIT"
    },
    "node_modules/@algolia/logger-console": {
      "version": "4.20.0",
      "dev": true,
      "license": "MIT",
      "dependencies": {
        "@algolia/logger-common": "4.20.0"
      }
    },
    "node_modules/@algolia/requester-browser-xhr": {
      "version": "4.20.0",
      "dev": true,
      "license": "MIT",
      "dependencies": {
        "@algolia/requester-common": "4.20.0"
      }
    },
    "node_modules/@algolia/requester-common": {
      "version": "4.20.0",
      "dev": true,
      "license": "MIT"
    },
    "node_modules/@algolia/requester-node-http": {
      "version": "4.20.0",
      "dev": true,
      "license": "MIT",
      "dependencies": {
        "@algolia/requester-common": "4.20.0"
      }
    },
    "node_modules/@algolia/transporter": {
      "version": "4.20.0",
      "dev": true,
      "license": "MIT",
      "dependencies": {
        "@algolia/cache-common": "4.20.0",
        "@algolia/logger-common": "4.20.0",
        "@algolia/requester-common": "4.20.0"
      }
    },
    "node_modules/@babel/parser": {
      "version": "7.22.16",
      "license": "MIT",
      "bin": {
        "parser": "bin/babel-parser.js"
      },
      "engines": {
        "node": ">=6.0.0"
      }
    },
    "node_modules/@docsearch/css": {
      "version": "3.5.2",
      "dev": true,
      "license": "MIT"
    },
    "node_modules/@docsearch/js": {
      "version": "3.5.2",
      "dev": true,
      "license": "MIT",
      "dependencies": {
        "@docsearch/react": "3.5.2",
        "preact": "^10.0.0"
      }
    },
    "node_modules/@docsearch/react": {
      "version": "3.5.2",
      "dev": true,
      "license": "MIT",
      "dependencies": {
        "@algolia/autocomplete-core": "1.9.3",
        "@algolia/autocomplete-preset-algolia": "1.9.3",
        "@docsearch/css": "3.5.2",
        "algoliasearch": "^4.19.1"
      },
      "peerDependencies": {
        "@types/react": ">= 16.8.0 < 19.0.0",
        "react": ">= 16.8.0 < 19.0.0",
        "react-dom": ">= 16.8.0 < 19.0.0",
        "search-insights": ">= 1 < 3"
      },
      "peerDependenciesMeta": {
        "@types/react": {
          "optional": true
        },
        "react": {
          "optional": true
        },
        "react-dom": {
          "optional": true
        },
        "search-insights": {
          "optional": true
        }
      }
    },
    "node_modules/@esbuild/win32-x64": {
      "version": "0.18.20",
      "cpu": [
        "x64"
      ],
      "dev": true,
      "license": "MIT",
      "optional": true,
      "os": [
        "win32"
      ],
      "engines": {
        "node": ">=12"
      }
    },
    "node_modules/@fortawesome/fontawesome-free": {
      "version": "6.5.1",
      "resolved": "https://registry.npmjs.org/@fortawesome/fontawesome-free/-/fontawesome-free-6.5.1.tgz",
      "integrity": "sha512-CNy5vSwN3fsUStPRLX7fUYojyuzoEMSXPl7zSLJ8TgtRfjv24LOnOWKT2zYwaHZCJGkdyRnTmstR0P+Ah503Gw==",
      "hasInstallScript": true,
      "engines": {
        "node": ">=6"
      }
    },
    "node_modules/@jridgewell/sourcemap-codec": {
      "version": "1.4.15",
      "license": "MIT"
    },
    "node_modules/@types/linkify-it": {
      "version": "3.0.3",
      "dev": true,
      "license": "MIT"
    },
    "node_modules/@types/markdown-it": {
      "version": "13.0.2",
      "dev": true,
      "license": "MIT",
      "dependencies": {
        "@types/linkify-it": "*",
        "@types/mdurl": "*"
      }
    },
    "node_modules/@types/mdurl": {
      "version": "1.0.3",
      "dev": true,
      "license": "MIT"
    },
    "node_modules/@types/node": {
      "version": "20.8.0",
      "dev": true,
      "license": "MIT"
    },
    "node_modules/@types/web-bluetooth": {
      "version": "0.0.17",
      "dev": true,
      "license": "MIT"
    },
    "node_modules/@vitejs/plugin-vue": {
      "version": "4.3.4",
      "dev": true,
      "license": "MIT",
      "engines": {
        "node": "^14.18.0 || >=16.0.0"
      },
      "peerDependencies": {
        "vite": "^4.0.0",
        "vue": "^3.2.25"
      }
    },
    "node_modules/@volar/language-core": {
      "version": "1.10.1",
      "dev": true,
      "license": "MIT",
      "dependencies": {
        "@volar/source-map": "1.10.1"
      }
    },
    "node_modules/@volar/source-map": {
      "version": "1.10.1",
      "dev": true,
      "license": "MIT",
      "dependencies": {
        "muggle-string": "^0.3.1"
      }
    },
    "node_modules/@volar/typescript": {
      "version": "1.10.1",
      "dev": true,
      "license": "MIT",
      "dependencies": {
        "@volar/language-core": "1.10.1"
      }
    },
    "node_modules/@vue/compiler-core": {
      "version": "3.3.4",
      "license": "MIT",
      "dependencies": {
        "@babel/parser": "^7.21.3",
        "@vue/shared": "3.3.4",
        "estree-walker": "^2.0.2",
        "source-map-js": "^1.0.2"
      }
    },
    "node_modules/@vue/compiler-dom": {
      "version": "3.3.4",
      "license": "MIT",
      "dependencies": {
        "@vue/compiler-core": "3.3.4",
        "@vue/shared": "3.3.4"
      }
    },
    "node_modules/@vue/compiler-sfc": {
      "version": "3.3.4",
      "license": "MIT",
      "dependencies": {
        "@babel/parser": "^7.20.15",
        "@vue/compiler-core": "3.3.4",
        "@vue/compiler-dom": "3.3.4",
        "@vue/compiler-ssr": "3.3.4",
        "@vue/reactivity-transform": "3.3.4",
        "@vue/shared": "3.3.4",
        "estree-walker": "^2.0.2",
        "magic-string": "^0.30.0",
        "postcss": "^8.1.10",
        "source-map-js": "^1.0.2"
      }
    },
    "node_modules/@vue/compiler-ssr": {
      "version": "3.3.4",
      "license": "MIT",
      "dependencies": {
        "@vue/compiler-dom": "3.3.4",
        "@vue/shared": "3.3.4"
      }
    },
    "node_modules/@vue/devtools-api": {
      "version": "6.5.0",
      "license": "MIT"
    },
    "node_modules/@vue/language-core": {
      "version": "1.8.11",
      "dev": true,
      "license": "MIT",
      "dependencies": {
        "@volar/language-core": "~1.10.0",
        "@volar/source-map": "~1.10.0",
        "@vue/compiler-dom": "^3.3.0",
        "@vue/reactivity": "^3.3.0",
        "@vue/shared": "^3.3.0",
        "minimatch": "^9.0.0",
        "muggle-string": "^0.3.1",
        "vue-template-compiler": "^2.7.14"
      },
      "peerDependencies": {
        "typescript": "*"
      },
      "peerDependenciesMeta": {
        "typescript": {
          "optional": true
        }
      }
    },
    "node_modules/@vue/reactivity": {
      "version": "3.3.4",
      "license": "MIT",
      "dependencies": {
        "@vue/shared": "3.3.4"
      }
    },
    "node_modules/@vue/reactivity-transform": {
      "version": "3.3.4",
      "license": "MIT",
      "dependencies": {
        "@babel/parser": "^7.20.15",
        "@vue/compiler-core": "3.3.4",
        "@vue/shared": "3.3.4",
        "estree-walker": "^2.0.2",
        "magic-string": "^0.30.0"
      }
    },
    "node_modules/@vue/runtime-core": {
      "version": "3.3.4",
      "license": "MIT",
      "dependencies": {
        "@vue/reactivity": "3.3.4",
        "@vue/shared": "3.3.4"
      }
    },
    "node_modules/@vue/runtime-dom": {
      "version": "3.3.4",
      "license": "MIT",
      "dependencies": {
        "@vue/runtime-core": "3.3.4",
        "@vue/shared": "3.3.4",
        "csstype": "^3.1.1"
      }
    },
    "node_modules/@vue/server-renderer": {
      "version": "3.3.4",
      "license": "MIT",
      "dependencies": {
        "@vue/compiler-ssr": "3.3.4",
        "@vue/shared": "3.3.4"
      },
      "peerDependencies": {
        "vue": "3.3.4"
      }
    },
    "node_modules/@vue/shared": {
      "version": "3.3.4",
      "license": "MIT"
    },
    "node_modules/@vue/typescript": {
      "version": "1.8.11",
      "dev": true,
      "license": "MIT",
      "dependencies": {
        "@volar/typescript": "~1.10.0",
        "@vue/language-core": "1.8.11"
      }
    },
    "node_modules/@vueuse/core": {
      "version": "10.4.1",
      "dev": true,
      "license": "MIT",
      "dependencies": {
        "@types/web-bluetooth": "^0.0.17",
        "@vueuse/metadata": "10.4.1",
        "@vueuse/shared": "10.4.1",
        "vue-demi": ">=0.14.5"
      },
      "funding": {
        "url": "https://github.com/sponsors/antfu"
      }
    },
    "node_modules/@vueuse/core/node_modules/vue-demi": {
      "version": "0.14.6",
      "dev": true,
      "hasInstallScript": true,
      "license": "MIT",
      "bin": {
        "vue-demi-fix": "bin/vue-demi-fix.js",
        "vue-demi-switch": "bin/vue-demi-switch.js"
      },
      "engines": {
        "node": ">=12"
      },
      "funding": {
        "url": "https://github.com/sponsors/antfu"
      },
      "peerDependencies": {
        "@vue/composition-api": "^1.0.0-rc.1",
        "vue": "^3.0.0-0 || ^2.6.0"
      },
      "peerDependenciesMeta": {
        "@vue/composition-api": {
          "optional": true
        }
      }
    },
    "node_modules/@vueuse/integrations": {
      "version": "10.4.1",
      "dev": true,
      "license": "MIT",
      "dependencies": {
        "@vueuse/core": "10.4.1",
        "@vueuse/shared": "10.4.1",
        "vue-demi": ">=0.14.5"
      },
      "funding": {
        "url": "https://github.com/sponsors/antfu"
      },
      "peerDependencies": {
        "async-validator": "*",
        "axios": "*",
        "change-case": "*",
        "drauu": "*",
        "focus-trap": "*",
        "fuse.js": "*",
        "idb-keyval": "*",
        "jwt-decode": "*",
        "nprogress": "*",
        "qrcode": "*",
        "sortablejs": "*",
        "universal-cookie": "*"
      },
      "peerDependenciesMeta": {
        "async-validator": {
          "optional": true
        },
        "axios": {
          "optional": true
        },
        "change-case": {
          "optional": true
        },
        "drauu": {
          "optional": true
        },
        "focus-trap": {
          "optional": true
        },
        "fuse.js": {
          "optional": true
        },
        "idb-keyval": {
          "optional": true
        },
        "jwt-decode": {
          "optional": true
        },
        "nprogress": {
          "optional": true
        },
        "qrcode": {
          "optional": true
        },
        "sortablejs": {
          "optional": true
        },
        "universal-cookie": {
          "optional": true
        }
      }
    },
    "node_modules/@vueuse/integrations/node_modules/vue-demi": {
      "version": "0.14.6",
      "dev": true,
      "hasInstallScript": true,
      "license": "MIT",
      "bin": {
        "vue-demi-fix": "bin/vue-demi-fix.js",
        "vue-demi-switch": "bin/vue-demi-switch.js"
      },
      "engines": {
        "node": ">=12"
      },
      "funding": {
        "url": "https://github.com/sponsors/antfu"
      },
      "peerDependencies": {
        "@vue/composition-api": "^1.0.0-rc.1",
        "vue": "^3.0.0-0 || ^2.6.0"
      },
      "peerDependenciesMeta": {
        "@vue/composition-api": {
          "optional": true
        }
      }
    },
    "node_modules/@vueuse/metadata": {
      "version": "10.4.1",
      "dev": true,
      "license": "MIT",
      "funding": {
        "url": "https://github.com/sponsors/antfu"
      }
    },
    "node_modules/@vueuse/shared": {
      "version": "10.4.1",
      "dev": true,
      "license": "MIT",
      "dependencies": {
        "vue-demi": ">=0.14.5"
      },
      "funding": {
        "url": "https://github.com/sponsors/antfu"
      }
    },
    "node_modules/@vueuse/shared/node_modules/vue-demi": {
      "version": "0.14.6",
      "dev": true,
      "hasInstallScript": true,
      "license": "MIT",
      "bin": {
        "vue-demi-fix": "bin/vue-demi-fix.js",
        "vue-demi-switch": "bin/vue-demi-switch.js"
      },
      "engines": {
        "node": ">=12"
      },
      "funding": {
        "url": "https://github.com/sponsors/antfu"
      },
      "peerDependencies": {
        "@vue/composition-api": "^1.0.0-rc.1",
        "vue": "^3.0.0-0 || ^2.6.0"
      },
      "peerDependenciesMeta": {
        "@vue/composition-api": {
          "optional": true
        }
      }
    },
    "node_modules/algoliasearch": {
      "version": "4.20.0",
      "dev": true,
      "license": "MIT",
      "dependencies": {
        "@algolia/cache-browser-local-storage": "4.20.0",
        "@algolia/cache-common": "4.20.0",
        "@algolia/cache-in-memory": "4.20.0",
        "@algolia/client-account": "4.20.0",
        "@algolia/client-analytics": "4.20.0",
        "@algolia/client-common": "4.20.0",
        "@algolia/client-personalization": "4.20.0",
        "@algolia/client-search": "4.20.0",
        "@algolia/logger-common": "4.20.0",
        "@algolia/logger-console": "4.20.0",
        "@algolia/requester-browser-xhr": "4.20.0",
        "@algolia/requester-common": "4.20.0",
        "@algolia/requester-node-http": "4.20.0",
        "@algolia/transporter": "4.20.0"
      }
    },
    "node_modules/ansi-sequence-parser": {
      "version": "1.1.1",
      "dev": true,
      "license": "MIT"
    },
    "node_modules/anymatch": {
      "version": "3.1.3",
      "dev": true,
      "license": "ISC",
      "dependencies": {
        "normalize-path": "^3.0.0",
        "picomatch": "^2.0.4"
      },
      "engines": {
        "node": ">= 8"
      }
    },
    "node_modules/balanced-match": {
      "version": "1.0.2",
      "dev": true,
      "license": "MIT"
    },
    "node_modules/binary-extensions": {
      "version": "2.2.0",
      "dev": true,
      "license": "MIT",
      "engines": {
        "node": ">=8"
      }
    },
    "node_modules/brace-expansion": {
      "version": "2.0.1",
      "dev": true,
      "license": "MIT",
      "dependencies": {
        "balanced-match": "^1.0.0"
      }
    },
    "node_modules/braces": {
      "version": "3.0.2",
      "dev": true,
      "license": "MIT",
      "dependencies": {
        "fill-range": "^7.0.1"
      },
      "engines": {
        "node": ">=8"
      }
    },
    "node_modules/chokidar": {
      "version": "3.5.3",
      "dev": true,
      "funding": [
        {
          "type": "individual",
          "url": "https://paulmillr.com/funding/"
        }
      ],
      "license": "MIT",
      "dependencies": {
        "anymatch": "~3.1.2",
        "braces": "~3.0.2",
        "glob-parent": "~5.1.2",
        "is-binary-path": "~2.1.0",
        "is-glob": "~4.0.1",
        "normalize-path": "~3.0.0",
        "readdirp": "~3.6.0"
      },
      "engines": {
        "node": ">= 8.10.0"
      },
      "optionalDependencies": {
        "fsevents": "~2.3.2"
      }
    },
    "node_modules/csstype": {
      "version": "3.1.2",
      "license": "MIT"
    },
    "node_modules/de-indent": {
      "version": "1.0.2",
      "dev": true,
      "license": "MIT"
    },
    "node_modules/esbuild": {
      "version": "0.18.20",
      "dev": true,
      "hasInstallScript": true,
      "license": "MIT",
      "bin": {
        "esbuild": "bin/esbuild"
      },
      "engines": {
        "node": ">=12"
      },
      "optionalDependencies": {
        "@esbuild/android-arm": "0.18.20",
        "@esbuild/android-arm64": "0.18.20",
        "@esbuild/android-x64": "0.18.20",
        "@esbuild/darwin-arm64": "0.18.20",
        "@esbuild/darwin-x64": "0.18.20",
        "@esbuild/freebsd-arm64": "0.18.20",
        "@esbuild/freebsd-x64": "0.18.20",
        "@esbuild/linux-arm": "0.18.20",
        "@esbuild/linux-arm64": "0.18.20",
        "@esbuild/linux-ia32": "0.18.20",
        "@esbuild/linux-loong64": "0.18.20",
        "@esbuild/linux-mips64el": "0.18.20",
        "@esbuild/linux-ppc64": "0.18.20",
        "@esbuild/linux-riscv64": "0.18.20",
        "@esbuild/linux-s390x": "0.18.20",
        "@esbuild/linux-x64": "0.18.20",
        "@esbuild/netbsd-x64": "0.18.20",
        "@esbuild/openbsd-x64": "0.18.20",
        "@esbuild/sunos-x64": "0.18.20",
        "@esbuild/win32-arm64": "0.18.20",
        "@esbuild/win32-ia32": "0.18.20",
        "@esbuild/win32-x64": "0.18.20"
      }
    },
    "node_modules/estree-walker": {
      "version": "2.0.2",
      "license": "MIT"
    },
    "node_modules/fill-range": {
      "version": "7.0.1",
      "dev": true,
      "license": "MIT",
      "dependencies": {
        "to-regex-range": "^5.0.1"
      },
      "engines": {
        "node": ">=8"
      }
    },
    "node_modules/focus-trap": {
      "version": "7.5.3",
      "dev": true,
      "license": "MIT",
      "dependencies": {
        "tabbable": "^6.2.0"
      }
    },
    "node_modules/glob-parent": {
      "version": "5.1.2",
      "dev": true,
      "license": "ISC",
      "dependencies": {
        "is-glob": "^4.0.1"
      },
      "engines": {
        "node": ">= 6"
      }
    },
    "node_modules/he": {
      "version": "1.2.0",
      "dev": true,
      "license": "MIT",
      "bin": {
        "he": "bin/he"
      }
    },
    "node_modules/immutable": {
      "version": "4.3.4",
      "dev": true,
      "license": "MIT"
    },
    "node_modules/is-binary-path": {
      "version": "2.1.0",
      "dev": true,
      "license": "MIT",
      "dependencies": {
        "binary-extensions": "^2.0.0"
      },
      "engines": {
        "node": ">=8"
      }
    },
    "node_modules/is-extglob": {
      "version": "2.1.1",
      "dev": true,
      "license": "MIT",
      "engines": {
        "node": ">=0.10.0"
      }
    },
    "node_modules/is-glob": {
      "version": "4.0.3",
      "dev": true,
      "license": "MIT",
      "dependencies": {
        "is-extglob": "^2.1.1"
      },
      "engines": {
        "node": ">=0.10.0"
      }
    },
    "node_modules/is-number": {
      "version": "7.0.0",
      "dev": true,
      "license": "MIT",
      "engines": {
        "node": ">=0.12.0"
      }
    },
    "node_modules/jsonc-parser": {
      "version": "3.2.0",
      "dev": true,
      "license": "MIT"
    },
    "node_modules/lru-cache": {
      "version": "6.0.0",
      "dev": true,
      "license": "ISC",
      "dependencies": {
        "yallist": "^4.0.0"
      },
      "engines": {
        "node": ">=10"
      }
    },
    "node_modules/magic-string": {
      "version": "0.30.3",
      "license": "MIT",
      "dependencies": {
        "@jridgewell/sourcemap-codec": "^1.4.15"
      },
      "engines": {
        "node": ">=12"
      }
    },
    "node_modules/mark.js": {
      "version": "8.11.1",
      "dev": true,
      "license": "MIT"
    },
    "node_modules/minimatch": {
      "version": "9.0.3",
      "dev": true,
      "license": "ISC",
      "dependencies": {
        "brace-expansion": "^2.0.1"
      },
      "engines": {
        "node": ">=16 || 14 >=14.17"
      },
      "funding": {
        "url": "https://github.com/sponsors/isaacs"
      }
    },
    "node_modules/minisearch": {
      "version": "6.1.0",
      "dev": true,
      "license": "MIT"
    },
    "node_modules/muggle-string": {
      "version": "0.3.1",
      "dev": true,
      "license": "MIT"
    },
    "node_modules/nanoid": {
      "version": "3.3.6",
      "funding": [
        {
          "type": "github",
          "url": "https://github.com/sponsors/ai"
        }
      ],
      "license": "MIT",
      "bin": {
        "nanoid": "bin/nanoid.cjs"
      },
      "engines": {
        "node": "^10 || ^12 || ^13.7 || ^14 || >=15.0.1"
      }
    },
    "node_modules/normalize-path": {
      "version": "3.0.0",
      "dev": true,
      "license": "MIT",
      "engines": {
        "node": ">=0.10.0"
      }
    },
    "node_modules/picocolors": {
      "version": "1.0.0",
      "license": "ISC"
    },
    "node_modules/picomatch": {
      "version": "2.3.1",
      "dev": true,
      "license": "MIT",
      "engines": {
        "node": ">=8.6"
      },
      "funding": {
        "url": "https://github.com/sponsors/jonschlinkert"
      }
    },
    "node_modules/pinia": {
      "version": "2.1.6",
      "license": "MIT",
      "dependencies": {
        "@vue/devtools-api": "^6.5.0",
        "vue-demi": ">=0.14.5"
      },
      "funding": {
        "url": "https://github.com/sponsors/posva"
      },
      "peerDependencies": {
        "@vue/composition-api": "^1.4.0",
        "typescript": ">=4.4.4",
        "vue": "^2.6.14 || ^3.3.0"
      },
      "peerDependenciesMeta": {
        "@vue/composition-api": {
          "optional": true
        },
        "typescript": {
          "optional": true
        }
      }
    },
    "node_modules/pinia/node_modules/vue-demi": {
      "version": "0.14.6",
      "hasInstallScript": true,
      "license": "MIT",
      "bin": {
        "vue-demi-fix": "bin/vue-demi-fix.js",
        "vue-demi-switch": "bin/vue-demi-switch.js"
      },
      "engines": {
        "node": ">=12"
      },
      "funding": {
        "url": "https://github.com/sponsors/antfu"
      },
      "peerDependencies": {
        "@vue/composition-api": "^1.0.0-rc.1",
        "vue": "^3.0.0-0 || ^2.6.0"
      },
      "peerDependenciesMeta": {
        "@vue/composition-api": {
          "optional": true
        }
      }
    },
    "node_modules/postcss": {
      "version": "8.4.31",
      "funding": [
        {
          "type": "opencollective",
          "url": "https://opencollective.com/postcss/"
        },
        {
          "type": "tidelift",
          "url": "https://tidelift.com/funding/github/npm/postcss"
        },
        {
          "type": "github",
          "url": "https://github.com/sponsors/ai"
        }
      ],
      "license": "MIT",
      "dependencies": {
        "nanoid": "^3.3.6",
        "picocolors": "^1.0.0",
        "source-map-js": "^1.0.2"
      },
      "engines": {
        "node": "^10 || ^12 || >=14"
      }
    },
    "node_modules/preact": {
      "version": "10.18.1",
      "dev": true,
      "license": "MIT",
      "funding": {
        "type": "opencollective",
        "url": "https://opencollective.com/preact"
      }
    },
    "node_modules/prettier": {
      "version": "3.0.3",
      "dev": true,
      "license": "MIT",
      "bin": {
        "prettier": "bin/prettier.cjs"
      },
      "engines": {
        "node": ">=14"
      },
      "funding": {
        "url": "https://github.com/prettier/prettier?sponsor=1"
      }
    },
    "node_modules/primeflex": {
      "version": "3.3.1",
      "license": "MIT"
    },
    "node_modules/primevue": {
      "version": "3.47.2",
      "license": "MIT",
      "peerDependencies": {
        "vue": "^3.0.0"
      }
    },
    "node_modules/readdirp": {
      "version": "3.6.0",
      "dev": true,
      "license": "MIT",
      "dependencies": {
        "picomatch": "^2.2.1"
      },
      "engines": {
        "node": ">=8.10.0"
      }
    },
    "node_modules/rollup": {
      "version": "3.29.2",
      "dev": true,
      "license": "MIT",
      "bin": {
        "rollup": "dist/bin/rollup"
      },
      "engines": {
        "node": ">=14.18.0",
        "npm": ">=8.0.0"
      },
      "optionalDependencies": {
        "fsevents": "~2.3.2"
      }
    },
    "node_modules/sass": {
      "version": "1.68.0",
      "dev": true,
      "license": "MIT",
      "dependencies": {
        "chokidar": ">=3.0.0 <4.0.0",
        "immutable": "^4.0.0",
        "source-map-js": ">=0.6.2 <2.0.0"
      },
      "bin": {
        "sass": "sass.js"
      },
      "engines": {
        "node": ">=14.0.0"
      }
    },
    "node_modules/search-insights": {
      "version": "2.8.3",
      "dev": true,
      "license": "MIT",
      "peer": true
    },
    "node_modules/semver": {
      "version": "7.5.4",
      "dev": true,
      "license": "ISC",
      "dependencies": {
        "lru-cache": "^6.0.0"
      },
      "bin": {
        "semver": "bin/semver.js"
      },
      "engines": {
        "node": ">=10"
      }
    },
    "node_modules/shiki": {
      "version": "0.14.4",
      "dev": true,
      "license": "MIT",
      "dependencies": {
        "ansi-sequence-parser": "^1.1.0",
        "jsonc-parser": "^3.2.0",
        "vscode-oniguruma": "^1.7.0",
        "vscode-textmate": "^8.0.0"
      }
    },
    "node_modules/source-map-js": {
      "version": "1.0.2",
      "license": "BSD-3-Clause",
      "engines": {
        "node": ">=0.10.0"
      }
    },
    "node_modules/tabbable": {
      "version": "6.2.0",
      "dev": true,
      "license": "MIT"
    },
    "node_modules/to-regex-range": {
      "version": "5.0.1",
      "dev": true,
      "license": "MIT",
      "dependencies": {
        "is-number": "^7.0.0"
      },
      "engines": {
        "node": ">=8.0"
      }
    },
    "node_modules/typescript": {
      "version": "5.2.2",
      "devOptional": true,
      "license": "Apache-2.0",
      "bin": {
        "tsc": "bin/tsc",
        "tsserver": "bin/tsserver"
      },
      "engines": {
        "node": ">=14.17"
      }
    },
    "node_modules/vite": {
      "version": "4.4.9",
      "dev": true,
      "license": "MIT",
      "dependencies": {
        "esbuild": "^0.18.10",
        "postcss": "^8.4.27",
        "rollup": "^3.27.1"
      },
      "bin": {
        "vite": "bin/vite.js"
      },
      "engines": {
        "node": "^14.18.0 || >=16.0.0"
      },
      "funding": {
        "url": "https://github.com/vitejs/vite?sponsor=1"
      },
      "optionalDependencies": {
        "fsevents": "~2.3.2"
      },
      "peerDependencies": {
        "@types/node": ">= 14",
        "less": "*",
        "lightningcss": "^1.21.0",
        "sass": "*",
        "stylus": "*",
        "sugarss": "*",
        "terser": "^5.4.0"
      },
      "peerDependenciesMeta": {
        "@types/node": {
          "optional": true
        },
        "less": {
          "optional": true
        },
        "lightningcss": {
          "optional": true
        },
        "sass": {
          "optional": true
        },
        "stylus": {
          "optional": true
        },
        "sugarss": {
          "optional": true
        },
        "terser": {
          "optional": true
        }
      }
    },
    "node_modules/vitepress": {
      "version": "1.0.0-rc.20",
      "dev": true,
      "license": "MIT",
      "dependencies": {
        "@docsearch/css": "^3.5.2",
        "@docsearch/js": "^3.5.2",
        "@types/markdown-it": "^13.0.1",
        "@vue/devtools-api": "^6.5.0",
        "@vueuse/core": "^10.4.1",
        "@vueuse/integrations": "^10.4.1",
        "focus-trap": "^7.5.2",
        "mark.js": "8.11.1",
        "minisearch": "^6.1.0",
        "shiki": "^0.14.4",
        "vite": "^4.4.9",
        "vue": "^3.3.4"
      },
      "bin": {
        "vitepress": "bin/vitepress.js"
      },
      "peerDependencies": {
        "markdown-it-mathjax3": "^4.3.2",
        "postcss": "^8.4.30"
      },
      "peerDependenciesMeta": {
        "markdown-it-mathjax3": {
          "optional": true
        },
        "postcss": {
          "optional": true
        }
      }
    },
    "node_modules/vscode-oniguruma": {
      "version": "1.7.0",
      "dev": true,
      "license": "MIT"
    },
    "node_modules/vscode-textmate": {
      "version": "8.0.0",
      "dev": true,
      "license": "MIT"
    },
    "node_modules/vue": {
      "version": "3.3.4",
      "license": "MIT",
      "dependencies": {
        "@vue/compiler-dom": "3.3.4",
        "@vue/compiler-sfc": "3.3.4",
        "@vue/runtime-dom": "3.3.4",
        "@vue/server-renderer": "3.3.4",
        "@vue/shared": "3.3.4"
      }
    },
    "node_modules/vue-router": {
      "version": "4.2.4",
      "license": "MIT",
      "dependencies": {
        "@vue/devtools-api": "^6.5.0"
      },
      "funding": {
        "url": "https://github.com/sponsors/posva"
      },
      "peerDependencies": {
        "vue": "^3.2.0"
      }
    },
    "node_modules/vue-template-compiler": {
      "version": "2.7.14",
      "dev": true,
      "license": "MIT",
      "dependencies": {
        "de-indent": "^1.0.2",
        "he": "^1.2.0"
      }
    },
    "node_modules/vue-tsc": {
      "version": "1.8.11",
      "dev": true,
      "license": "MIT",
      "dependencies": {
        "@vue/language-core": "1.8.11",
        "@vue/typescript": "1.8.11",
        "semver": "^7.3.8"
      },
      "bin": {
        "vue-tsc": "bin/vue-tsc.js"
      },
      "peerDependencies": {
        "typescript": "*"
      }
    },
    "node_modules/yallist": {
      "version": "4.0.0",
      "dev": true,
      "license": "ISC"
    }
  },
  "dependencies": {
    "@algolia/autocomplete-core": {
      "version": "1.9.3",
      "dev": true,
      "requires": {
        "@algolia/autocomplete-plugin-algolia-insights": "1.9.3",
        "@algolia/autocomplete-shared": "1.9.3"
      }
    },
    "@algolia/autocomplete-plugin-algolia-insights": {
      "version": "1.9.3",
      "dev": true,
      "requires": {
        "@algolia/autocomplete-shared": "1.9.3"
      }
    },
    "@algolia/autocomplete-preset-algolia": {
      "version": "1.9.3",
      "dev": true,
      "requires": {
        "@algolia/autocomplete-shared": "1.9.3"
      }
    },
    "@algolia/autocomplete-shared": {
      "version": "1.9.3",
      "dev": true,
      "requires": {}
    },
    "@algolia/cache-browser-local-storage": {
      "version": "4.20.0",
      "dev": true,
      "requires": {
        "@algolia/cache-common": "4.20.0"
      }
    },
    "@algolia/cache-common": {
      "version": "4.20.0",
      "dev": true
    },
    "@algolia/cache-in-memory": {
      "version": "4.20.0",
      "dev": true,
      "requires": {
        "@algolia/cache-common": "4.20.0"
      }
    },
    "@algolia/client-account": {
      "version": "4.20.0",
      "dev": true,
      "requires": {
        "@algolia/client-common": "4.20.0",
        "@algolia/client-search": "4.20.0",
        "@algolia/transporter": "4.20.0"
      }
    },
    "@algolia/client-analytics": {
      "version": "4.20.0",
      "dev": true,
      "requires": {
        "@algolia/client-common": "4.20.0",
        "@algolia/client-search": "4.20.0",
        "@algolia/requester-common": "4.20.0",
        "@algolia/transporter": "4.20.0"
      }
    },
    "@algolia/client-common": {
      "version": "4.20.0",
      "dev": true,
      "requires": {
        "@algolia/requester-common": "4.20.0",
        "@algolia/transporter": "4.20.0"
      }
    },
    "@algolia/client-personalization": {
      "version": "4.20.0",
      "dev": true,
      "requires": {
        "@algolia/client-common": "4.20.0",
        "@algolia/requester-common": "4.20.0",
        "@algolia/transporter": "4.20.0"
      }
    },
    "@algolia/client-search": {
      "version": "4.20.0",
      "dev": true,
      "requires": {
        "@algolia/client-common": "4.20.0",
        "@algolia/requester-common": "4.20.0",
        "@algolia/transporter": "4.20.0"
      }
    },
    "@algolia/logger-common": {
      "version": "4.20.0",
      "dev": true
    },
    "@algolia/logger-console": {
      "version": "4.20.0",
      "dev": true,
      "requires": {
        "@algolia/logger-common": "4.20.0"
      }
    },
    "@algolia/requester-browser-xhr": {
      "version": "4.20.0",
      "dev": true,
      "requires": {
        "@algolia/requester-common": "4.20.0"
      }
    },
    "@algolia/requester-common": {
      "version": "4.20.0",
      "dev": true
    },
    "@algolia/requester-node-http": {
      "version": "4.20.0",
      "dev": true,
      "requires": {
        "@algolia/requester-common": "4.20.0"
      }
    },
    "@algolia/transporter": {
      "version": "4.20.0",
      "dev": true,
      "requires": {
        "@algolia/cache-common": "4.20.0",
        "@algolia/logger-common": "4.20.0",
        "@algolia/requester-common": "4.20.0"
      }
    },
    "@babel/parser": {
      "version": "7.22.16"
    },
    "@docsearch/css": {
      "version": "3.5.2",
      "dev": true
    },
    "@docsearch/js": {
      "version": "3.5.2",
      "dev": true,
      "requires": {
        "@docsearch/react": "3.5.2",
        "preact": "^10.0.0"
      }
    },
    "@docsearch/react": {
      "version": "3.5.2",
      "dev": true,
      "requires": {
        "@algolia/autocomplete-core": "1.9.3",
        "@algolia/autocomplete-preset-algolia": "1.9.3",
        "@docsearch/css": "3.5.2",
        "algoliasearch": "^4.19.1"
      }
    },
    "@esbuild/win32-x64": {
      "version": "0.18.20",
      "dev": true,
      "optional": true
    },
    "@fortawesome/fontawesome-free": {
      "version": "6.5.1",
      "resolved": "https://registry.npmjs.org/@fortawesome/fontawesome-free/-/fontawesome-free-6.5.1.tgz",
      "integrity": "sha512-CNy5vSwN3fsUStPRLX7fUYojyuzoEMSXPl7zSLJ8TgtRfjv24LOnOWKT2zYwaHZCJGkdyRnTmstR0P+Ah503Gw=="
    },
    "@jridgewell/sourcemap-codec": {
      "version": "1.4.15"
    },
    "@types/linkify-it": {
      "version": "3.0.3",
      "dev": true
    },
    "@types/markdown-it": {
      "version": "13.0.2",
      "dev": true,
      "requires": {
        "@types/linkify-it": "*",
        "@types/mdurl": "*"
      }
    },
    "@types/mdurl": {
      "version": "1.0.3",
      "dev": true
    },
    "@types/node": {
      "version": "20.8.0",
      "dev": true
    },
    "@types/web-bluetooth": {
      "version": "0.0.17",
      "dev": true
    },
    "@vitejs/plugin-vue": {
      "version": "4.3.4",
      "dev": true,
      "requires": {}
    },
    "@volar/language-core": {
      "version": "1.10.1",
      "dev": true,
      "requires": {
        "@volar/source-map": "1.10.1"
      }
    },
    "@volar/source-map": {
      "version": "1.10.1",
      "dev": true,
      "requires": {
        "muggle-string": "^0.3.1"
      }
    },
    "@volar/typescript": {
      "version": "1.10.1",
      "dev": true,
      "requires": {
        "@volar/language-core": "1.10.1"
      }
    },
    "@vue/compiler-core": {
      "version": "3.3.4",
      "requires": {
        "@babel/parser": "^7.21.3",
        "@vue/shared": "3.3.4",
        "estree-walker": "^2.0.2",
        "source-map-js": "^1.0.2"
      }
    },
    "@vue/compiler-dom": {
      "version": "3.3.4",
      "requires": {
        "@vue/compiler-core": "3.3.4",
        "@vue/shared": "3.3.4"
      }
    },
    "@vue/compiler-sfc": {
      "version": "3.3.4",
      "requires": {
        "@babel/parser": "^7.20.15",
        "@vue/compiler-core": "3.3.4",
        "@vue/compiler-dom": "3.3.4",
        "@vue/compiler-ssr": "3.3.4",
        "@vue/reactivity-transform": "3.3.4",
        "@vue/shared": "3.3.4",
        "estree-walker": "^2.0.2",
        "magic-string": "^0.30.0",
        "postcss": "^8.1.10",
        "source-map-js": "^1.0.2"
      }
    },
    "@vue/compiler-ssr": {
      "version": "3.3.4",
      "requires": {
        "@vue/compiler-dom": "3.3.4",
        "@vue/shared": "3.3.4"
      }
    },
    "@vue/devtools-api": {
      "version": "6.5.0"
    },
    "@vue/language-core": {
      "version": "1.8.11",
      "dev": true,
      "requires": {
        "@volar/language-core": "~1.10.0",
        "@volar/source-map": "~1.10.0",
        "@vue/compiler-dom": "^3.3.0",
        "@vue/reactivity": "^3.3.0",
        "@vue/shared": "^3.3.0",
        "minimatch": "^9.0.0",
        "muggle-string": "^0.3.1",
        "vue-template-compiler": "^2.7.14"
      }
    },
    "@vue/reactivity": {
      "version": "3.3.4",
      "requires": {
        "@vue/shared": "3.3.4"
      }
    },
    "@vue/reactivity-transform": {
      "version": "3.3.4",
      "requires": {
        "@babel/parser": "^7.20.15",
        "@vue/compiler-core": "3.3.4",
        "@vue/shared": "3.3.4",
        "estree-walker": "^2.0.2",
        "magic-string": "^0.30.0"
      }
    },
    "@vue/runtime-core": {
      "version": "3.3.4",
      "requires": {
        "@vue/reactivity": "3.3.4",
        "@vue/shared": "3.3.4"
      }
    },
    "@vue/runtime-dom": {
      "version": "3.3.4",
      "requires": {
        "@vue/runtime-core": "3.3.4",
        "@vue/shared": "3.3.4",
        "csstype": "^3.1.1"
      }
    },
    "@vue/server-renderer": {
      "version": "3.3.4",
      "requires": {
        "@vue/compiler-ssr": "3.3.4",
        "@vue/shared": "3.3.4"
      }
    },
    "@vue/shared": {
      "version": "3.3.4"
    },
    "@vue/typescript": {
      "version": "1.8.11",
      "dev": true,
      "requires": {
        "@volar/typescript": "~1.10.0",
        "@vue/language-core": "1.8.11"
      }
    },
    "@vueuse/core": {
      "version": "10.4.1",
      "dev": true,
      "requires": {
        "@types/web-bluetooth": "^0.0.17",
        "@vueuse/metadata": "10.4.1",
        "@vueuse/shared": "10.4.1",
        "vue-demi": ">=0.14.5"
      },
      "dependencies": {
        "vue-demi": {
          "version": "0.14.6",
          "dev": true,
          "requires": {}
        }
      }
    },
    "@vueuse/integrations": {
      "version": "10.4.1",
      "dev": true,
      "requires": {
        "@vueuse/core": "10.4.1",
        "@vueuse/shared": "10.4.1",
        "vue-demi": ">=0.14.5"
      },
      "dependencies": {
        "vue-demi": {
          "version": "0.14.6",
          "dev": true,
          "requires": {}
        }
      }
    },
    "@vueuse/metadata": {
      "version": "10.4.1",
      "dev": true
    },
    "@vueuse/shared": {
      "version": "10.4.1",
      "dev": true,
      "requires": {
        "vue-demi": ">=0.14.5"
      },
      "dependencies": {
        "vue-demi": {
          "version": "0.14.6",
          "dev": true,
          "requires": {}
        }
      }
    },
    "algoliasearch": {
      "version": "4.20.0",
      "dev": true,
      "requires": {
        "@algolia/cache-browser-local-storage": "4.20.0",
        "@algolia/cache-common": "4.20.0",
        "@algolia/cache-in-memory": "4.20.0",
        "@algolia/client-account": "4.20.0",
        "@algolia/client-analytics": "4.20.0",
        "@algolia/client-common": "4.20.0",
        "@algolia/client-personalization": "4.20.0",
        "@algolia/client-search": "4.20.0",
        "@algolia/logger-common": "4.20.0",
        "@algolia/logger-console": "4.20.0",
        "@algolia/requester-browser-xhr": "4.20.0",
        "@algolia/requester-common": "4.20.0",
        "@algolia/requester-node-http": "4.20.0",
        "@algolia/transporter": "4.20.0"
      }
    },
    "ansi-sequence-parser": {
      "version": "1.1.1",
      "dev": true
    },
    "anymatch": {
      "version": "3.1.3",
      "dev": true,
      "requires": {
        "normalize-path": "^3.0.0",
        "picomatch": "^2.0.4"
      }
    },
    "balanced-match": {
      "version": "1.0.2",
      "dev": true
    },
    "binary-extensions": {
      "version": "2.2.0",
      "dev": true
    },
    "brace-expansion": {
      "version": "2.0.1",
      "dev": true,
      "requires": {
        "balanced-match": "^1.0.0"
      }
    },
    "braces": {
      "version": "3.0.2",
      "dev": true,
      "requires": {
        "fill-range": "^7.0.1"
      }
    },
    "chokidar": {
      "version": "3.5.3",
      "dev": true,
      "requires": {
        "anymatch": "~3.1.2",
        "braces": "~3.0.2",
        "fsevents": "~2.3.2",
        "glob-parent": "~5.1.2",
        "is-binary-path": "~2.1.0",
        "is-glob": "~4.0.1",
        "normalize-path": "~3.0.0",
        "readdirp": "~3.6.0"
      }
    },
    "csstype": {
      "version": "3.1.2"
    },
    "de-indent": {
      "version": "1.0.2",
      "dev": true
    },
    "esbuild": {
      "version": "0.18.20",
      "dev": true,
      "requires": {
        "@esbuild/android-arm": "0.18.20",
        "@esbuild/android-arm64": "0.18.20",
        "@esbuild/android-x64": "0.18.20",
        "@esbuild/darwin-arm64": "0.18.20",
        "@esbuild/darwin-x64": "0.18.20",
        "@esbuild/freebsd-arm64": "0.18.20",
        "@esbuild/freebsd-x64": "0.18.20",
        "@esbuild/linux-arm": "0.18.20",
        "@esbuild/linux-arm64": "0.18.20",
        "@esbuild/linux-ia32": "0.18.20",
        "@esbuild/linux-loong64": "0.18.20",
        "@esbuild/linux-mips64el": "0.18.20",
        "@esbuild/linux-ppc64": "0.18.20",
        "@esbuild/linux-riscv64": "0.18.20",
        "@esbuild/linux-s390x": "0.18.20",
        "@esbuild/linux-x64": "0.18.20",
        "@esbuild/netbsd-x64": "0.18.20",
        "@esbuild/openbsd-x64": "0.18.20",
        "@esbuild/sunos-x64": "0.18.20",
        "@esbuild/win32-arm64": "0.18.20",
        "@esbuild/win32-ia32": "0.18.20",
        "@esbuild/win32-x64": "0.18.20"
      }
    },
    "estree-walker": {
      "version": "2.0.2"
    },
    "fill-range": {
      "version": "7.0.1",
      "dev": true,
      "requires": {
        "to-regex-range": "^5.0.1"
      }
    },
    "focus-trap": {
      "version": "7.5.3",
      "dev": true,
      "requires": {
        "tabbable": "^6.2.0"
      }
    },
    "glob-parent": {
      "version": "5.1.2",
      "dev": true,
      "requires": {
        "is-glob": "^4.0.1"
      }
    },
    "he": {
      "version": "1.2.0",
      "dev": true
    },
    "immutable": {
      "version": "4.3.4",
      "dev": true
    },
    "is-binary-path": {
      "version": "2.1.0",
      "dev": true,
      "requires": {
        "binary-extensions": "^2.0.0"
      }
    },
    "is-extglob": {
      "version": "2.1.1",
      "dev": true
    },
    "is-glob": {
      "version": "4.0.3",
      "dev": true,
      "requires": {
        "is-extglob": "^2.1.1"
      }
    },
    "is-number": {
      "version": "7.0.0",
      "dev": true
    },
    "jsonc-parser": {
      "version": "3.2.0",
      "dev": true
    },
    "lru-cache": {
      "version": "6.0.0",
      "dev": true,
      "requires": {
        "yallist": "^4.0.0"
      }
    },
    "magic-string": {
      "version": "0.30.3",
      "requires": {
        "@jridgewell/sourcemap-codec": "^1.4.15"
      }
    },
    "mark.js": {
      "version": "8.11.1",
      "dev": true
    },
    "minimatch": {
      "version": "9.0.3",
      "dev": true,
      "requires": {
        "brace-expansion": "^2.0.1"
      }
    },
    "minisearch": {
      "version": "6.1.0",
      "dev": true
    },
    "muggle-string": {
      "version": "0.3.1",
      "dev": true
    },
    "nanoid": {
      "version": "3.3.6"
    },
    "normalize-path": {
      "version": "3.0.0",
      "dev": true
    },
    "picocolors": {
      "version": "1.0.0"
    },
    "picomatch": {
      "version": "2.3.1",
      "dev": true
    },
    "pinia": {
      "version": "2.1.6",
      "requires": {
        "@vue/devtools-api": "^6.5.0",
        "vue-demi": ">=0.14.5"
      },
      "dependencies": {
        "vue-demi": {
          "version": "0.14.6",
          "requires": {}
        }
      }
    },
    "postcss": {
      "version": "8.4.31",
      "requires": {
        "nanoid": "^3.3.6",
        "picocolors": "^1.0.0",
        "source-map-js": "^1.0.2"
      }
    },
    "preact": {
      "version": "10.18.1",
      "dev": true
    },
    "prettier": {
      "version": "3.0.3",
      "dev": true
    },
    "primeflex": {
      "version": "3.3.1"
    },
    "primevue": {
      "version": "3.47.2",
      "requires": {}
    },
    "readdirp": {
      "version": "3.6.0",
      "dev": true,
      "requires": {
        "picomatch": "^2.2.1"
      }
    },
    "rollup": {
      "version": "3.29.2",
      "dev": true,
      "requires": {
        "fsevents": "~2.3.2"
      }
    },
    "sass": {
      "version": "1.68.0",
      "dev": true,
      "requires": {
        "chokidar": ">=3.0.0 <4.0.0",
        "immutable": "^4.0.0",
        "source-map-js": ">=0.6.2 <2.0.0"
      }
    },
    "search-insights": {
      "version": "2.8.3",
      "dev": true,
      "peer": true
    },
    "semver": {
      "version": "7.5.4",
      "dev": true,
      "requires": {
        "lru-cache": "^6.0.0"
      }
    },
    "shiki": {
      "version": "0.14.4",
      "dev": true,
      "requires": {
        "ansi-sequence-parser": "^1.1.0",
        "jsonc-parser": "^3.2.0",
        "vscode-oniguruma": "^1.7.0",
        "vscode-textmate": "^8.0.0"
      }
    },
    "source-map-js": {
      "version": "1.0.2"
    },
    "tabbable": {
      "version": "6.2.0",
      "dev": true
    },
    "to-regex-range": {
      "version": "5.0.1",
      "dev": true,
      "requires": {
        "is-number": "^7.0.0"
      }
    },
    "typescript": {
      "version": "5.2.2",
      "devOptional": true
    },
    "vite": {
      "version": "4.4.9",
      "dev": true,
      "requires": {
        "esbuild": "^0.18.10",
        "fsevents": "~2.3.2",
        "postcss": "^8.4.27",
        "rollup": "^3.27.1"
      }
    },
    "vitepress": {
      "version": "1.0.0-rc.20",
      "dev": true,
      "requires": {
        "@docsearch/css": "^3.5.2",
        "@docsearch/js": "^3.5.2",
        "@types/markdown-it": "^13.0.1",
        "@vue/devtools-api": "^6.5.0",
        "@vueuse/core": "^10.4.1",
        "@vueuse/integrations": "^10.4.1",
        "focus-trap": "^7.5.2",
        "mark.js": "8.11.1",
        "minisearch": "^6.1.0",
        "shiki": "^0.14.4",
        "vite": "^4.4.9",
        "vue": "^3.3.4"
      }
    },
    "vscode-oniguruma": {
      "version": "1.7.0",
      "dev": true
    },
    "vscode-textmate": {
      "version": "8.0.0",
      "dev": true
    },
    "vue": {
      "version": "3.3.4",
      "requires": {
        "@vue/compiler-dom": "3.3.4",
        "@vue/compiler-sfc": "3.3.4",
        "@vue/runtime-dom": "3.3.4",
        "@vue/server-renderer": "3.3.4",
        "@vue/shared": "3.3.4"
      }
    },
    "vue-router": {
      "version": "4.2.4",
      "requires": {
        "@vue/devtools-api": "^6.5.0"
      }
    },
    "vue-template-compiler": {
      "version": "2.7.14",
      "dev": true,
      "requires": {
        "de-indent": "^1.0.2",
        "he": "^1.2.0"
      }
    },
    "vue-tsc": {
      "version": "1.8.11",
      "dev": true,
      "requires": {
        "@vue/language-core": "1.8.11",
        "@vue/typescript": "1.8.11",
        "semver": "^7.3.8"
      }
    },
    "yallist": {
      "version": "4.0.0",
      "dev": true
    }
  }
}
